
Microsoft Visual Studio Solution File, Format Version 12.00
# Visual Studio Version 16
VisualStudioVersion = 16.0.30011.22
MinimumVisualStudioVersion = 10.0.40219.1
Project("{FAE04EC0-301F-11D3-BF4B-00C04F79EFBC}") = "TicketVendingMachine", "TicketVendingMachine\TicketVendingMachine.csproj", "{EF315EC5-C44D-4308-9FCD-C67D8CB250CA}"
EndProject
Global
	GlobalSection(SolutionConfigurationPlatforms) = preSolution
		Debug|Any CPU = Debug|Any CPU
		Release|Any CPU = Release|Any CPU
	EndGlobalSection
	GlobalSection(ProjectConfigurationPlatforms) = postSolution
		{EF315EC5-C44D-4308-9FCD-C67D8CB250CA}.Debug|Any CPU.ActiveCfg = Debug|Any CPU
		{EF315EC5-C44D-4308-9FCD-C67D8CB250CA}.Debug|Any CPU.Build.0 = Debug|Any CPU
		{EF315EC5-C44D-4308-9FCD-C67D8CB250CA}.Release|Any CPU.ActiveCfg = Release|Any CPU
		{EF315EC5-C44D-4308-9FCD-C67D8CB250CA}.Release|Any CPU.Build.0 = Release|Any CPU
	EndGlobalSection
	GlobalSection(SolutionProperties) = preSolution
		HideSolutionNode = FALSE
	EndGlobalSection
	GlobalSection(ExtensibilityGlobals) = postSolution
		SolutionGuid = {AD212A69-A8C6-434B-8F98-543A09C5E8CA}
	EndGlobalSection
EndGlobal
